
Microsoft Visual Studio Solution File, Format Version 12.00
# Visual Studio Version 17
VisualStudioVersion = 17.9.34728.123
MinimumVisualStudioVersion = 10.0.40219.1
Project("{FAE04EC0-301F-11D3-BF4B-00C04F79EFBC}") = "Cars.API", "Cars.API\Cars.API.csproj", "{49164927-270F-4B82-A448-6EEB54CEDE41}"
EndProject
Global
	GlobalSection(SolutionConfigurationPlatforms) = preSolution
		Debug|Any CPU = Debug|Any CPU
		Release|Any CPU = Release|Any CPU
	EndGlobalSection
	GlobalSection(ProjectConfigurationPlatforms) = postSolution
		{49164927-270F-4B82-A448-6EEB54CEDE41}.Debug|Any CPU.ActiveCfg = Debug|Any CPU
		{49164927-270F-4B82-A448-6EEB54CEDE41}.Debug|Any CPU.Build.0 = Debug|Any CPU
		{49164927-270F-4B82-A448-6EEB54CEDE41}.Release|Any CPU.ActiveCfg = Release|Any CPU
		{49164927-270F-4B82-A448-6EEB54CEDE41}.Release|Any CPU.Build.0 = Release|Any CPU
	EndGlobalSection
	GlobalSection(SolutionProperties) = preSolution
		HideSolutionNode = FALSE
	EndGlobalSection
	GlobalSection(ExtensibilityGlobals) = postSolution
		SolutionGuid = {49B7E861-B613-43B4-A928-28CE2B6AF958}
	EndGlobalSection
EndGlobal
